
Microsoft Visual Studio Solution File, Format Version 12.00
# Visual Studio Version 16
VisualStudioVersion = 16.0.30804.86
MinimumVisualStudioVersion = 10.0.40219.1
Project("{FAE04EC0-301F-11D3-BF4B-00C04F79EFBC}") = "Ribbon_TextBox", "Ribbon_TextBox.csproj", "{9AD76611-C2FC-48F0-8692-7269363FFC28}"
EndProject
Global
	GlobalSection(SolutionConfigurationPlatforms) = preSolution
		Debug|Any CPU = Debug|Any CPU
		Release|Any CPU = Release|Any CPU
	EndGlobalSection
	GlobalSection(ProjectConfigurationPlatforms) = postSolution
		{9AD76611-C2FC-48F0-8692-7269363FFC28}.Debug|Any CPU.ActiveCfg = Debug|Any CPU
		{9AD76611-C2FC-48F0-8692-7269363FFC28}.Debug|Any CPU.Build.0 = Debug|Any CPU
		{9AD76611-C2FC-48F0-8692-7269363FFC28}.Release|Any CPU.ActiveCfg = Release|Any CPU
		{9AD76611-C2FC-48F0-8692-7269363FFC28}.Release|Any CPU.Build.0 = Release|Any CPU
	EndGlobalSection
	GlobalSection(SolutionProperties) = preSolution
		HideSolutionNode = FALSE
	EndGlobalSection
	GlobalSection(ExtensibilityGlobals) = postSolution
		SolutionGuid = {F29BCA93-E082-4F4E-979F-62C9026D4AD4}
	EndGlobalSection
EndGlobal
