
Microsoft Visual Studio Solution File, Format Version 12.00
# Visual Studio Version 16
VisualStudioVersion = 16.0.30804.86
MinimumVisualStudioVersion = 10.0.40219.1
Project("{FAE04EC0-301F-11D3-BF4B-00C04F79EFBC}") = "Ribbon_Binding", "Ribbon_Binding.csproj", "{9717FB30-696E-409C-93ED-04A8C7726A6A}"
EndProject
Global
	GlobalSection(SolutionConfigurationPlatforms) = preSolution
		Debug|Any CPU = Debug|Any CPU
		Release|Any CPU = Release|Any CPU
	EndGlobalSection
	GlobalSection(ProjectConfigurationPlatforms) = postSolution
		{9717FB30-696E-409C-93ED-04A8C7726A6A}.Debug|Any CPU.ActiveCfg = Debug|Any CPU
		{9717FB30-696E-409C-93ED-04A8C7726A6A}.Debug|Any CPU.Build.0 = Debug|Any CPU
		{9717FB30-696E-409C-93ED-04A8C7726A6A}.Release|Any CPU.ActiveCfg = Release|Any CPU
		{9717FB30-696E-409C-93ED-04A8C7726A6A}.Release|Any CPU.Build.0 = Release|Any CPU
	EndGlobalSection
	GlobalSection(SolutionProperties) = preSolution
		HideSolutionNode = FALSE
	EndGlobalSection
	GlobalSection(ExtensibilityGlobals) = postSolution
		SolutionGuid = {CBF56F53-8EDB-4A1F-BB37-66A90B4A25E4}
	EndGlobalSection
EndGlobal
