
Microsoft Visual Studio Solution File, Format Version 12.00
# Visual Studio Version 16
VisualStudioVersion = 16.0.30804.86
MinimumVisualStudioVersion = 10.0.40219.1
Project("{FAE04EC0-301F-11D3-BF4B-00C04F79EFBC}") = "Ribbon_GalleryItem", "Ribbon_GalleryItem.csproj", "{42D3F3A1-D54F-4F23-8AF5-1E6A28386F4B}"
EndProject
Global
	GlobalSection(SolutionConfigurationPlatforms) = preSolution
		Debug|Any CPU = Debug|Any CPU
		Release|Any CPU = Release|Any CPU
	EndGlobalSection
	GlobalSection(ProjectConfigurationPlatforms) = postSolution
		{42D3F3A1-D54F-4F23-8AF5-1E6A28386F4B}.Debug|Any CPU.ActiveCfg = Debug|Any CPU
		{42D3F3A1-D54F-4F23-8AF5-1E6A28386F4B}.Debug|Any CPU.Build.0 = Debug|Any CPU
		{42D3F3A1-D54F-4F23-8AF5-1E6A28386F4B}.Release|Any CPU.ActiveCfg = Release|Any CPU
		{42D3F3A1-D54F-4F23-8AF5-1E6A28386F4B}.Release|Any CPU.Build.0 = Release|Any CPU
	EndGlobalSection
	GlobalSection(SolutionProperties) = preSolution
		HideSolutionNode = FALSE
	EndGlobalSection
	GlobalSection(ExtensibilityGlobals) = postSolution
		SolutionGuid = {616845B6-AC60-42E6-A228-A4831E6A929C}
	EndGlobalSection
EndGlobal
