
Microsoft Visual Studio Solution File, Format Version 12.00
# Visual Studio Version 16
VisualStudioVersion = 16.0.30804.86
MinimumVisualStudioVersion = 10.0.40219.1
Project("{FAE04EC0-301F-11D3-BF4B-00C04F79EFBC}") = "Ribbon_StatePersistance", "Ribbon_StatePersistance.csproj", "{E0BA17A1-ED78-44C1-B878-382BC82041BD}"
EndProject
Global
	GlobalSection(SolutionConfigurationPlatforms) = preSolution
		Debug|Any CPU = Debug|Any CPU
		Release|Any CPU = Release|Any CPU
	EndGlobalSection
	GlobalSection(ProjectConfigurationPlatforms) = postSolution
		{E0BA17A1-ED78-44C1-B878-382BC82041BD}.Debug|Any CPU.ActiveCfg = Debug|Any CPU
		{E0BA17A1-ED78-44C1-B878-382BC82041BD}.Debug|Any CPU.Build.0 = Debug|Any CPU
		{E0BA17A1-ED78-44C1-B878-382BC82041BD}.Release|Any CPU.ActiveCfg = Release|Any CPU
		{E0BA17A1-ED78-44C1-B878-382BC82041BD}.Release|Any CPU.Build.0 = Release|Any CPU
	EndGlobalSection
	GlobalSection(SolutionProperties) = preSolution
		HideSolutionNode = FALSE
	EndGlobalSection
	GlobalSection(ExtensibilityGlobals) = postSolution
		SolutionGuid = {C1F7D928-34A5-477D-AF87-5B25EF66E772}
	EndGlobalSection
EndGlobal
