
Microsoft Visual Studio Solution File, Format Version 12.00
# Visual Studio 14
VisualStudioVersion = 14.0.25420.1
MinimumVisualStudioVersion = 10.0.40219.1
Project("{FAE04EC0-301F-11D3-BF4B-00C04F79EFBC}") = "WPFRibbonApplicationMenu", "WPFRibbonApplicationMenu\WPFRibbonApplicationMenu.csproj", "{105E842F-A35E-4781-9F44-688DE060C15F}"
EndProject
Global
	GlobalSection(SolutionConfigurationPlatforms) = preSolution
		Debug|Any CPU = Debug|Any CPU
		Debug-Xml|Any CPU = Debug-Xml|Any CPU
		Release|Any CPU = Release|Any CPU
		Release-Xml|Any CPU = Release-Xml|Any CPU
	EndGlobalSection
	GlobalSection(ProjectConfigurationPlatforms) = postSolution
		{105E842F-A35E-4781-9F44-688DE060C15F}.Debug|Any CPU.ActiveCfg = Debug|Any CPU
		{105E842F-A35E-4781-9F44-688DE060C15F}.Debug|Any CPU.Build.0 = Debug|Any CPU
		{105E842F-A35E-4781-9F44-688DE060C15F}.Debug-Xml|Any CPU.ActiveCfg = Debug|Any CPU
		{105E842F-A35E-4781-9F44-688DE060C15F}.Debug-Xml|Any CPU.Build.0 = Debug|Any CPU
		{105E842F-A35E-4781-9F44-688DE060C15F}.Release|Any CPU.ActiveCfg = Release|Any CPU
		{105E842F-A35E-4781-9F44-688DE060C15F}.Release|Any CPU.Build.0 = Release|Any CPU
		{105E842F-A35E-4781-9F44-688DE060C15F}.Release-Xml|Any CPU.ActiveCfg = Release|Any CPU
		{105E842F-A35E-4781-9F44-688DE060C15F}.Release-Xml|Any CPU.Build.0 = Release|Any CPU
	EndGlobalSection
	GlobalSection(SolutionProperties) = preSolution
		HideSolutionNode = FALSE
	EndGlobalSection
EndGlobal
