
Microsoft Visual Studio Solution File, Format Version 12.00
# Visual Studio Version 16
VisualStudioVersion = 16.0.30804.86
MinimumVisualStudioVersion = 10.0.40219.1
Project("{FAE04EC0-301F-11D3-BF4B-00C04F79EFBC}") = "Ribbon_KeyTip", "Ribbon_KeyTip.csproj", "{B806EF6F-7329-4902-92AD-1378C31C8CEA}"
EndProject
Global
	GlobalSection(SolutionConfigurationPlatforms) = preSolution
		Debug|Any CPU = Debug|Any CPU
		Release|Any CPU = Release|Any CPU
	EndGlobalSection
	GlobalSection(ProjectConfigurationPlatforms) = postSolution
		{B806EF6F-7329-4902-92AD-1378C31C8CEA}.Debug|Any CPU.ActiveCfg = Debug|Any CPU
		{B806EF6F-7329-4902-92AD-1378C31C8CEA}.Debug|Any CPU.Build.0 = Debug|Any CPU
		{B806EF6F-7329-4902-92AD-1378C31C8CEA}.Release|Any CPU.ActiveCfg = Release|Any CPU
		{B806EF6F-7329-4902-92AD-1378C31C8CEA}.Release|Any CPU.Build.0 = Release|Any CPU
	EndGlobalSection
	GlobalSection(SolutionProperties) = preSolution
		HideSolutionNode = FALSE
	EndGlobalSection
	GlobalSection(ExtensibilityGlobals) = postSolution
		SolutionGuid = {A12C9675-5431-41D1-8735-591927A8A3CA}
	EndGlobalSection
EndGlobal
